PODS:
  - amplify_auth_cognito (0.0.1):
    - Flutter
    - FlutterMacOS
  - amplify_secure_storage (0.0.1):
    - Flutter
  - connectivity_plus (0.0.1):
    - Flutter
    - FlutterMacOS
  - device_info_plus (0.0.1):
    - Flutter
  - DKImagePickerController/Core (4.3.8):
    - DKImagePickerController/ImageDataManager
    - DKImagePickerController/Resource
  - DKImagePickerController/ImageDataManager (4.3.8)
  - DKImagePickerController/PhotoGallery (4.3.8):
    - DKImagePickerController/Core
    - DKPhotoGallery
  - DKImagePickerController/Resource (4.3.8)
  - DKPhotoGallery (0.0.17):
    - DKPhotoGallery/Core (= 0.0.17)
    - DKPhotoGallery/Model (= 0.0.17)
    - DKPhotoGallery/Preview (= 0.0.17)
    - DKPhotoGallery/Resource (= 0.0.17)
    - SDWebImage
    - SwiftyGif
  - DKPhotoGallery/Core (0.0.17):
    - DKPhotoGallery/Model
    - DKPhotoGallery/Preview
    - SDWebImage
    - SwiftyGif
  - DKPhotoGallery/Model (0.0.17):
    - SDWebImage
    - SwiftyGif
  - DKPhotoGallery/Preview (0.0.17):
    - DKPhotoGallery/Model
    - DKPhotoGallery/Resource
    - SDWebImage
    - SwiftyGif
  - DKPhotoGallery/Resource (0.0.17):
    - SDWebImage
    - SwiftyGif
  - file_picker (0.0.1):
    - DKImagePickerController/PhotoGallery
    - Flutter
  - Flutter (1.0.0)
  - flutter_secure_storage (6.0.0):
    - Flutter
  - image_picker_ios (0.0.1):
    - Flutter
  - package_info_plus (0.4.5):
    - Flutter
  - path_provider_foundation (0.0.1):
    - Flutter
    - FlutterMacOS
  - SDWebImage (5.19.1):
    - SDWebImage/Core (= 5.19.1)
  - SDWebImage/Core (5.19.1)
  - SwiftyGif (5.4.5)

DEPENDENCIES:
  - amplify_auth_cognito (from `.symlinks/plugins/amplify_auth_cognito/darwin`)
  - amplify_secure_storage (from `.symlinks/plugins/amplify_secure_storage/ios`)
  - connectivity_plus (from `.symlinks/plugins/connectivity_plus/darwin`)
  - device_info_plus (from `.symlinks/plugins/device_info_plus/ios`)
  - file_picker (from `.symlinks/plugins/file_picker/ios`)
  - Flutter (from `Flutter`)
  - flutter_secure_storage (from `.symlinks/plugins/flutter_secure_storage/ios`)
  - image_picker_ios (from `.symlinks/plugins/image_picker_ios/ios`)
  - package_info_plus (from `.symlinks/plugins/package_info_plus/ios`)
  - path_provider_foundation (from `.symlinks/plugins/path_provider_foundation/darwin`)

SPEC REPOS:
  trunk:
    - DKImagePickerController
    - DKPhotoGallery
    - SDWebImage
    - SwiftyGif

EXTERNAL SOURCES:
  amplify_auth_cognito:
    :path: ".symlinks/plugins/amplify_auth_cognito/darwin"
  amplify_secure_storage:
    :path: ".symlinks/plugins/amplify_secure_storage/ios"
  connectivity_plus:
    :path: ".symlinks/plugins/connectivity_plus/darwin"
  device_info_plus:
    :path: ".symlinks/plugins/device_info_plus/ios"
  file_picker:
    :path: ".symlinks/plugins/file_picker/ios"
  Flutter:
    :path: Flutter
  flutter_secure_storage:
    :path: ".symlinks/plugins/flutter_secure_storage/ios"
  image_picker_ios:
    :path: ".symlinks/plugins/image_picker_ios/ios"
  package_info_plus:
    :path: ".symlinks/plugins/package_info_plus/ios"
  path_provider_foundation:
    :path: ".symlinks/plugins/path_provider_foundation/darwin"

SPEC CHECKSUMS:
  amplify_auth_cognito: 76b5a54f05f66f69966b468b8121a0dd33a32c70
  amplify_secure_storage: 501cbdac671a050090d48dfcc002d5637d3f4a55
  connectivity_plus: ddd7f30999e1faaef5967c23d5b6d503d10434db
  device_info_plus: 97af1d7e84681a90d0693e63169a5d50e0839a0d
  DKImagePickerController: a7836546cfdfe014171694f643a7d575bc8ace7f
  DKPhotoGallery: fdfad5125a9fdda9cc57df834d49df790dbb4179
  file_picker: 09aa5ec1ab24135ccd7a1621c46c84134bfd6655
  Flutter: e0871f40cf51350855a761d2e70bf5af5b9b5de7
  flutter_secure_storage: 23fc622d89d073675f2eaa109381aefbcf5a49be
  image_picker_ios: b545a5f16c0fa88e3ecbbce3ed4de45567a8ec18
  package_info_plus: 58f0028419748fad15bf008b270aaa8e54380b1c
  path_provider_foundation: 3784922295ac71e43754bd15e0653ccfd36a147c
  SDWebImage: 40b0b4053e36c660a764958bff99eed16610acbb
  SwiftyGif: 706c60cf65fa2bc5ee0313beece843c8eb8194d4

PODFILE CHECKSUM: a57f30d18f102dd3ce366b1d62a55ecbef2158e5

COCOAPODS: 1.15.2
